
Microsoft Visual Studio Solution File, Format Version 12.00
# Visual Studio Version 16
VisualStudioVersion = 16.0.31410.357
MinimumVisualStudioVersion = 10.0.40219.1
Project("{FAE04EC0-301F-11D3-BF4B-00C04F79EFBC}") = "FNUmb.Library", "FNUmb.Library\FNUmb.Library.csproj", "{874FCFA1-9D04-4B21-A156-12629B4ADD1F}"
EndProject
Project("{FAE04EC0-301F-11D3-BF4B-00C04F79EFBC}") = "FNUmb", "FNUmb\FNUmb.csproj", "{7B8EE9A8-AC41-4307-BBE6-7343BDBADFE5}"
EndProject
Global
	GlobalSection(SolutionConfigurationPlatforms) = preSolution
		Debug|Any CPU = Debug|Any CPU
		Release|Any CPU = Release|Any CPU
	EndGlobalSection
	GlobalSection(ProjectConfigurationPlatforms) = postSolution
		{874FCFA1-9D04-4B21-A156-12629B4ADD1F}.Debug|Any CPU.ActiveCfg = Debug|Any CPU
		{874FCFA1-9D04-4B21-A156-12629B4ADD1F}.Debug|Any CPU.Build.0 = Debug|Any CPU
		{874FCFA1-9D04-4B21-A156-12629B4ADD1F}.Release|Any CPU.ActiveCfg = Release|Any CPU
		{874FCFA1-9D04-4B21-A156-12629B4ADD1F}.Release|Any CPU.Build.0 = Release|Any CPU
		{7B8EE9A8-AC41-4307-BBE6-7343BDBADFE5}.Debug|Any CPU.ActiveCfg = Debug|Any CPU
		{7B8EE9A8-AC41-4307-BBE6-7343BDBADFE5}.Debug|Any CPU.Build.0 = Debug|Any CPU
		{7B8EE9A8-AC41-4307-BBE6-7343BDBADFE5}.Release|Any CPU.ActiveCfg = Release|Any CPU
		{7B8EE9A8-AC41-4307-BBE6-7343BDBADFE5}.Release|Any CPU.Build.0 = Release|Any CPU
	EndGlobalSection
	GlobalSection(SolutionProperties) = preSolution
		HideSolutionNode = FALSE
	EndGlobalSection
	GlobalSection(ExtensibilityGlobals) = postSolution
		SolutionGuid = {B2343DAE-E6DA-46EB-A220-9F22C0A31400}
	EndGlobalSection
EndGlobal
